{
  "nodes": {
    "fonts": {
      "flake": false,
      "locked": {
        "narHash": "sha256-hSW36y0sytiWVUF//a4Tul2LZoRkCGw/KmHvioZXc3g=",
        "type": "file",
        "url": "https://raw.githubusercontent.com/EarthGman/assets/master/fonts.json"
      },
      "original": {
        "type": "file",
        "url": "https://raw.githubusercontent.com/EarthGman/assets/master/fonts.json"
      }
    },
    "nixpkgs": {
      "locked": {
        "lastModified": 1740560979,
        "narHash": "sha256-Vr3Qi346M+8CjedtbyUevIGDZW8LcA1fTG0ugPY/Hic=",
        "owner": "nixos",
        "repo": "nixpkgs",
        "rev": "5135c59491985879812717f4c9fea69604e7f26f",
        "type": "github"
      },
      "original": {
        "owner": "nixos",
        "ref": "nixos-unstable",
        "repo": "nixpkgs",
        "type": "github"
      }
    },
    "root": {
      "inputs": {
        "fonts": "fonts",
        "nixpkgs": "nixpkgs"
      }
    }
  },
  "root": "root",
  "version": 7
}
