{
  "nodes": {
    "fonts": {
      "flake": false,
      "locked": {
        "narHash": "sha256-sOs0a6D9Xacxl7Gy4k6NNcW32am0Pr0xFf9kK3hatws=",
        "type": "file",
        "url": "https://raw.githubusercontent.com/EarthGman/assets/master/fonts.json"
      },
      "original": {
        "type": "file",
        "url": "https://raw.githubusercontent.com/EarthGman/assets/master/fonts.json"
      }
    },
    "nixpkgs": {
      "locked": {
        "lastModified": 1733940404,
        "narHash": "sha256-Pj39hSoUA86ZePPF/UXiYHHM7hMIkios8TYG29kQT4g=",
        "owner": "nixos",
        "repo": "nixpkgs",
        "rev": "5d67ea6b4b63378b9c13be21e2ec9d1afc921713",
        "type": "github"
      },
      "original": {
        "owner": "nixos",
        "ref": "nixos-unstable",
        "repo": "nixpkgs",
        "type": "github"
      }
    },
    "root": {
      "inputs": {
        "fonts": "fonts",
        "nixpkgs": "nixpkgs"
      }
    }
  },
  "root": "root",
  "version": 7
}
